
Microsoft Visual Studio Solution File, Format Version 12.00
# Visual Studio Version 17
VisualStudioVersion = 17.4.33122.133
MinimumVisualStudioVersion = 10.0.40219.1
Project("{FAE04EC0-301F-11D3-BF4B-00C04F79EFBC}") = "FastEndpointTest", "FastEndpointTest\src\FastEndpointTest\FastEndpointTest.csproj", "{9A159F1F-D276-410F-98A4-1728D9A7ED51}"
EndProject
Project("{FAE04EC0-301F-11D3-BF4B-00C04F79EFBC}") = "FastEndpointTest.E2E.Tests", "FastEndpointTest\tests\FastEndpointTest.E2E.Tests\FastEndpointTest.E2E.Tests.csproj", "{D4813A9C-6B27-480E-B61E-7E9EA09C9AC5}"
EndProject
Global
	GlobalSection(SolutionConfigurationPlatforms) = preSolution
		Debug|Any CPU = Debug|Any CPU
		Release|Any CPU = Release|Any CPU
	EndGlobalSection
	GlobalSection(ProjectConfigurationPlatforms) = postSolution
		{9A159F1F-D276-410F-98A4-1728D9A7ED51}.Debug|Any CPU.ActiveCfg = Debug|Any CPU
		{9A159F1F-D276-410F-98A4-1728D9A7ED51}.Debug|Any CPU.Build.0 = Debug|Any CPU
		{9A159F1F-D276-410F-98A4-1728D9A7ED51}.Release|Any CPU.ActiveCfg = Release|Any CPU
		{9A159F1F-D276-410F-98A4-1728D9A7ED51}.Release|Any CPU.Build.0 = Release|Any CPU
		{D4813A9C-6B27-480E-B61E-7E9EA09C9AC5}.Debug|Any CPU.ActiveCfg = Debug|Any CPU
		{D4813A9C-6B27-480E-B61E-7E9EA09C9AC5}.Debug|Any CPU.Build.0 = Debug|Any CPU
		{D4813A9C-6B27-480E-B61E-7E9EA09C9AC5}.Release|Any CPU.ActiveCfg = Release|Any CPU
		{D4813A9C-6B27-480E-B61E-7E9EA09C9AC5}.Release|Any CPU.Build.0 = Release|Any CPU
	EndGlobalSection
	GlobalSection(SolutionProperties) = preSolution
		HideSolutionNode = FALSE
	EndGlobalSection
	GlobalSection(ExtensibilityGlobals) = postSolution
		SolutionGuid = {20A7552D-5C42-42D7-81FA-8888225A2642}
	EndGlobalSection
EndGlobal
